// !$*UTF8*$!
{
	archiveVersion = 1;
	classes = {
	};
	objectVersion = 46;
	objects = {

/* Begin PBXBuildFile section */
		4DF62968F1F32D413812F04F /* libPods-SummerYelpMock.a in Frameworks */ = {isa = PBXBuildFile; fileRef = 66F84DF148945D49DAA4FC2E /* libPods-SummerYelpMock.a */; };
		B23BCB861F521B4D00190F3C /* main.m in Sources */ = {isa = PBXBuildFile; fileRef = B23BCB851F521B4D00190F3C /* main.m */; };
		B23BCB891F521B4D00190F3C /* AppDelegate.m in Sources */ = {isa = PBXBuildFile; fileRef = B23BCB881F521B4D00190F3C /* AppDelegate.m */; };
		B23BCB8C1F521B4D00190F3C /* YelpViewController.m in Sources */ = {isa = PBXBuildFile; fileRef = B23BCB8B1F521B4D00190F3C /* YelpViewController.m */; };
		B23BCB911F521B4D00190F3C /* Assets.xcassets in Resources */ = {isa = PBXBuildFile; fileRef = B23BCB901F521B4D00190F3C /* Assets.xcassets */; };
		B23BCB941F521B4D00190F3C /* LaunchScreen.storyboard in Resources */ = {isa = PBXBuildFile; fileRef = B23BCB921F521B4D00190F3C /* LaunchScreen.storyboard */; };
		B23BCB9F1F521B4D00190F3C /* SummerYelpMockTests.m in Sources */ = {isa = PBXBuildFile; fileRef = B23BCB9E1F521B4D00190F3C /* SummerYelpMockTests.m */; };
		B23BCBAA1F521B4D00190F3C /* SummerYelpMockUITests.m in Sources */ = {isa = PBXBuildFile; fileRef = B23BCBA91F521B4D00190F3C /* SummerYelpMockUITests.m */; };
		B23BCBBA1F521BC400190F3C /* YelpNetworking.m in Sources */ = {isa = PBXBuildFile; fileRef = B23BCBB91F521BC400190F3C /* YelpNetworking.m */; };
		B23BCBBE1F522FE200190F3C /* YelpDataModel.m in Sources */ = {isa = PBXBuildFile; fileRef = B23BCBBD1F522FE200190F3C /* YelpDataModel.m */; };
		B297544B1F5B57D00057B6A0 /* YelpDataStore.m in Sources */ = {isa = PBXBuildFile; fileRef = B297544A1F5B57D00057B6A0 /* YelpDataStore.m */; };
		B297544F1F5B5A5A0057B6A0 /* MapViewController.m in Sources */ = {isa = PBXBuildFile; fileRef = B297544E1F5B5A5A0057B6A0 /* MapViewController.m */; };
		B29754521F5B5F8D0057B6A0 /* YelpAnnotation.m in Sources */ = {isa = PBXBuildFile; fileRef = B29754511F5B5F8D0057B6A0 /* YelpAnnotation.m */; };
		B299848B1F5663460043B3DB /* YelpTableViewCell.m in Sources */ = {isa = PBXBuildFile; fileRef = B29984891F5663460043B3DB /* YelpTableViewCell.m */; };
		B299848C1F5663460043B3DB /* YelpTableViewCell.xib in Resources */ = {isa = PBXBuildFile; fileRef = B299848A1F5663460043B3DB /* YelpTableViewCell.xib */; };
/* End PBXBuildFile section */

/* Begin PBXContainerItemProxy section */
		B23BCB9B1F521B4D00190F3C /* PBXContainerItemProxy */ = {
			isa = PBXContainerItemProxy;
			containerPortal = B23BCB791F521B4D00190F3C /* Project object */;
			proxyType = 1;
			remoteGlobalIDString = B23BCB801F521B4D00190F3C;
			remoteInfo = SummerYelpMock;
		};
		B23BCBA61F521B4D00190F3C /* PBXContainerItemProxy */ = {
			isa = PBXContainerItemProxy;
			containerPortal = B23BCB791F521B4D00190F3C /* Project object */;
			proxyType = 1;
			remoteGlobalIDString = B23BCB801F521B4D00190F3C;
			remoteInfo = SummerYelpMock;
		};
/* End PBXContainerItemProxy section */

/* Begin PBXFileReference section */
		18DD58CCE2DEB59EB579A402 /* Pods-SummerYelpMock.debug.xcconfig */ = {isa = PBXFileReference; includeInIndex = 1; lastKnownFileType = text.xcconfig; name = "Pods-SummerYelpMock.debug.xcconfig"; path = "Pods/Target Support Files/Pods-SummerYelpMock/Pods-SummerYelpMock.debug.xcconfig"; sourceTree = "<group>"; };
		66F84DF148945D49DAA4FC2E /* libPods-SummerYelpMock.a */ = {isa = PBXFileReference; explicitFileType = archive.ar; includeInIndex = 0; path = "libPods-SummerYelpMock.a"; sourceTree = BUILT_PRODUCTS_DIR; };
		B23BCB811F521B4D00190F3C /* SummerYelpMock.app */ = {isa = PBXFileReference; explicitFileType = wrapper.application; includeInIndex = 0; path = SummerYelpMock.app; sourceTree = BUILT_PRODUCTS_DIR; };
		B23BCB851F521B4D00190F3C /* main.m */ = {isa = PBXFileReference; lastKnownFileType = sourcecode.c.objc; path = main.m; sourceTree = "<group>"; };
		B23BCB871F521B4D00190F3C /* AppDelegate.h */ = {isa = PBXFileReference; lastKnownFileType = sourcecode.c.h; path = AppDelegate.h; sourceTree = "<group>"; };
		B23BCB881F521B4D00190F3C /* AppDelegate.m */ = {isa = PBXFileReference; lastKnownFileType = sourcecode.c.objc; path = AppDelegate.m; sourceTree = "<group>"; };
		B23BCB8A1F521B4D00190F3C /* YelpViewController.h */ = {isa = PBXFileReference; lastKnownFileType = sourcecode.c.h; path = YelpViewController.h; sourceTree = "<group>"; };
		B23BCB8B1F521B4D00190F3C /* YelpViewController.m */ = {isa = PBXFileReference; lastKnownFileType = sourcecode.c.objc; path = YelpViewController.m; sourceTree = "<group>"; };
		B23BCB901F521B4D00190F3C /* Assets.xcassets */ = {isa = PBXFileReference; lastKnownFileType = folder.assetcatalog; path = Assets.xcassets; sourceTree = "<group>"; };
		B23BCB931F521B4D00190F3C /* Base */ = {isa = PBXFileReference; lastKnownFileType = file.storyboard; name = Base; path = Base.lproj/LaunchScreen.storyboard; sourceTree = "<group>"; };
		B23BCB951F521B4D00190F3C /* Info.plist */ = {isa = PBXFileReference; lastKnownFileType = text.plist.xml; path = Info.plist; sourceTree = "<group>"; };
		B23BCB9A1F521B4D00190F3C /* SummerYelpMockTests.xctest */ = {isa = PBXFileReference; explicitFileType = wrapper.cfbundle; includeInIndex = 0; path = SummerYelpMockTests.xctest; sourceTree = BUILT_PRODUCTS_DIR; };
		B23BCB9E1F521B4D00190F3C /* SummerYelpMockTests.m */ = {isa = PBXFileReference; lastKnownFileType = sourcecode.c.objc; path = SummerYelpMockTests.m; sourceTree = "<group>"; };
		B23BCBA01F521B4D00190F3C /* Info.plist */ = {isa = PBXFileReference; lastKnownFileType = text.plist.xml; path = Info.plist; sourceTree = "<group>"; };
		B23BCBA51F521B4D00190F3C /* SummerYelpMockUITests.xctest */ = {isa = PBXFileReference; explicitFileType = wrapper.cfbundle; includeInIndex = 0; path = SummerYelpMockUITests.xctest; sourceTree = BUILT_PRODUCTS_DIR; };
		B23BCBA91F521B4D00190F3C /* SummerYelpMockUITests.m */ = {isa = PBXFileReference; lastKnownFileType = sourcecode.c.objc; path = SummerYelpMockUITests.m; sourceTree = "<group>"; };
		B23BCBAB1F521B4D00190F3C /* Info.plist */ = {isa = PBXFileReference; lastKnownFileType = text.plist.xml; path = Info.plist; sourceTree = "<group>"; };
		B23BCBB81F521BC400190F3C /* YelpNetworking.h */ = {isa = PBXFileReference; fileEncoding = 4; lastKnownFileType = sourcecode.c.h; name = YelpNetworking.h; path = Networking/YelpNetworking.h; sourceTree = "<group>"; };
		B23BCBB91F521BC400190F3C /* YelpNetworking.m */ = {isa = PBXFileReference; fileEncoding = 4; lastKnownFileType = sourcecode.c.objc; name = YelpNetworking.m; path = Networking/YelpNetworking.m; sourceTree = "<group>"; };
		B23BCBBC1F522FE200190F3C /* YelpDataModel.h */ = {isa = PBXFileReference; fileEncoding = 4; lastKnownFileType = sourcecode.c.h; name = YelpDataModel.h; path = DataModel/YelpDataModel.h; sourceTree = "<group>"; };
		B23BCBBD1F522FE200190F3C /* YelpDataModel.m */ = {isa = PBXFileReference; fileEncoding = 4; lastKnownFileType = sourcecode.c.objc; name = YelpDataModel.m; path = DataModel/YelpDataModel.m; sourceTree = "<group>"; };
		B29754491F5B57D00057B6A0 /* YelpDataStore.h */ = {isa = PBXFileReference; fileEncoding = 4; lastKnownFileType = sourcecode.c.h; path = YelpDataStore.h; sourceTree = "<group>"; };
		B297544A1F5B57D00057B6A0 /* YelpDataStore.m */ = {isa = PBXFileReference; fileEncoding = 4; lastKnownFileType = sourcecode.c.objc; path = YelpDataStore.m; sourceTree = "<group>"; };
		B297544D1F5B5A5A0057B6A0 /* MapViewController.h */ = {isa = PBXFileReference; fileEncoding = 4; lastKnownFileType = sourcecode.c.h; path = MapViewController.h; sourceTree = "<group>"; };
		B297544E1F5B5A5A0057B6A0 /* MapViewController.m */ = {isa = PBXFileReference; fileEncoding = 4; lastKnownFileType = sourcecode.c.objc; path = MapViewController.m; sourceTree = "<group>"; };
		B29754501F5B5F8D0057B6A0 /* YelpAnnotation.h */ = {isa = PBXFileReference; fileEncoding = 4; lastKnownFileType = sourcecode.c.h; path = YelpAnnotation.h; sourceTree = "<group>"; };
		B29754511F5B5F8D0057B6A0 /* YelpAnnotation.m */ = {isa = PBXFileReference; fileEncoding = 4; lastKnownFileType = sourcecode.c.objc; path = YelpAnnotation.m; sourceTree = "<group>"; };
		B29984881F5663460043B3DB /* YelpTableViewCell.h */ = {isa = PBXFileReference; fileEncoding = 4; lastKnownFileType = sourcecode.c.h; path = YelpTableViewCell.h; sourceTree = "<group>"; };
		B29984891F5663460043B3DB /* YelpTableViewCell.m */ = {isa = PBXFileReference; fileEncoding = 4; lastKnownFileType = sourcecode.c.objc; path = YelpTableViewCell.m; sourceTree = "<group>"; };
		B299848A1F5663460043B3DB /* YelpTableViewCell.xib */ = {isa = PBXFileReference; fileEncoding = 4; lastKnownFileType = file.xib; path = YelpTableViewCell.xib; sourceTree = "<group>"; };
		B4994F39306F32A7A070562A /* Pods-SummerYelpMock.release.xcconfig */ = {isa = PBXFileReference; includeInIndex = 1; lastKnownFileType = text.xcconfig; name = "Pods-SummerYelpMock.release.xcconfig"; path = "Pods/Target Support Files/Pods-SummerYelpMock/Pods-SummerYelpMock.release.xcconfig"; sourceTree = "<group>"; };
/* End PBXFileReference section */

/* Begin PBXFrameworksBuildPhase section */
		B23BCB7E1F521B4D00190F3C /* Frameworks */ = {
			isa = PBXFrameworksBuildPhase;
			buildActionMask = 2147483647;
			files = (
				4DF62968F1F32D413812F04F /* libPods-SummerYelpMock.a in Frameworks */,
			);
			runOnlyForDeploymentPostprocessing = 0;
		};
		B23BCB971F521B4D00190F3C /* Frameworks */ = {
			isa = PBXFrameworksBuildPhase;
			buildActionMask = 2147483647;
			files = (
			);
			runOnlyForDeploymentPostprocessing = 0;
		};
		B23BCBA21F521B4D00190F3C /* Frameworks */ = {
			isa = PBXFrameworksBuildPhase;
			buildActionMask = 2147483647;
			files = (
			);
			runOnlyForDeploymentPostprocessing = 0;
		};
/* End PBXFrameworksBuildPhase section */

/* Begin PBXGroup section */
		0206701120E5AFBB9C653EDA /* Frameworks */ = {
			isa = PBXGroup;
			children = (
				66F84DF148945D49DAA4FC2E /* libPods-SummerYelpMock.a */,
			);
			name = Frameworks;
			sourceTree = "<group>";
		};
		B23BCB781F521B4D00190F3C = {
			isa = PBXGroup;
			children = (
				B23BCB831F521B4D00190F3C /* SummerYelpMock */,
				B23BCB9D1F521B4D00190F3C /* SummerYelpMockTests */,
				B23BCBA81F521B4D00190F3C /* SummerYelpMockUITests */,
				B23BCB821F521B4D00190F3C /* Products */,
				C410936DBEF75518CE9D3B26 /* Pods */,
				0206701120E5AFBB9C653EDA /* Frameworks */,
			);
			sourceTree = "<group>";
		};
		B23BCB821F521B4D00190F3C /* Products */ = {
			isa = PBXGroup;
			children = (
				B23BCB811F521B4D00190F3C /* SummerYelpMock.app */,
				B23BCB9A1F521B4D00190F3C /* SummerYelpMockTests.xctest */,
				B23BCBA51F521B4D00190F3C /* SummerYelpMockUITests.xctest */,
			);
			name = Products;
			sourceTree = "<group>";
		};
		B23BCB831F521B4D00190F3C /* SummerYelpMock */ = {
			isa = PBXGroup;
			children = (
				B297544C1F5B5A000057B6A0 /* ViewController */,
				B29754481F5B57A40057B6A0 /* DataStore */,
				B29984871F5663110043B3DB /* View */,
				B23BCBBB1F522FC000190F3C /* DataModel */,
				B23BCBB71F521B8600190F3C /* Networking */,
				B23BCB871F521B4D00190F3C /* AppDelegate.h */,
				B23BCB881F521B4D00190F3C /* AppDelegate.m */,
				B23BCB901F521B4D00190F3C /* Assets.xcassets */,
				B23BCB921F521B4D00190F3C /* LaunchScreen.storyboard */,
				B23BCB951F521B4D00190F3C /* Info.plist */,
				B23BCB841F521B4D00190F3C /* Supporting Files */,
			);
			path = SummerYelpMock;
			sourceTree = "<group>";
		};
		B23BCB841F521B4D00190F3C /* Supporting Files */ = {
			isa = PBXGroup;
			children = (
				B23BCB851F521B4D00190F3C /* main.m */,
			);
			name = "Supporting Files";
			sourceTree = "<group>";
		};
		B23BCB9D1F521B4D00190F3C /* SummerYelpMockTests */ = {
			isa = PBXGroup;
			children = (
				B23BCB9E1F521B4D00190F3C /* SummerYelpMockTests.m */,
				B23BCBA01F521B4D00190F3C /* Info.plist */,
			);
			path = SummerYelpMockTests;
			sourceTree = "<group>";
		};
		B23BCBA81F521B4D00190F3C /* SummerYelpMockUITests */ = {
			isa = PBXGroup;
			children = (
				B23BCBA91F521B4D00190F3C /* SummerYelpMockUITests.m */,
				B23BCBAB1F521B4D00190F3C /* Info.plist */,
			);
			path = SummerYelpMockUITests;
			sourceTree = "<group>";
		};
		B23BCBB71F521B8600190F3C /* Networking */ = {
			isa = PBXGroup;
			children = (
				B23BCBB81F521BC400190F3C /* YelpNetworking.h */,
				B23BCBB91F521BC400190F3C /* YelpNetworking.m */,
			);
			name = Networking;
			sourceTree = "<group>";
		};
		B23BCBBB1F522FC000190F3C /* DataModel */ = {
			isa = PBXGroup;
			children = (
				B23BCBBC1F522FE200190F3C /* YelpDataModel.h */,
				B23BCBBD1F522FE200190F3C /* YelpDataModel.m */,
				B29754501F5B5F8D0057B6A0 /* YelpAnnotation.h */,
				B29754511F5B5F8D0057B6A0 /* YelpAnnotation.m */,
			);
			name = DataModel;
			sourceTree = "<group>";
		};
		B29754481F5B57A40057B6A0 /* DataStore */ = {
			isa = PBXGroup;
			children = (
				B29754491F5B57D00057B6A0 /* YelpDataStore.h */,
				B297544A1F5B57D00057B6A0 /* YelpDataStore.m */,
			);
			name = DataStore;
			sourceTree = "<group>";
		};
		B297544C1F5B5A000057B6A0 /* ViewController */ = {
			isa = PBXGroup;
			children = (
				B297544D1F5B5A5A0057B6A0 /* MapViewController.h */,
				B297544E1F5B5A5A0057B6A0 /* MapViewController.m */,
				B23BCB8A1F521B4D00190F3C /* YelpViewController.h */,
				B23BCB8B1F521B4D00190F3C /* YelpViewController.m */,
			);
			name = ViewController;
			sourceTree = "<group>";
		};
		B29984871F5663110043B3DB /* View */ = {
			isa = PBXGroup;
			children = (
				B29984881F5663460043B3DB /* YelpTableViewCell.h */,
				B29984891F5663460043B3DB /* YelpTableViewCell.m */,
				B299848A1F5663460043B3DB /* YelpTableViewCell.xib */,
			);
			name = View;
			sourceTree = "<group>";
		};
		C410936DBEF75518CE9D3B26 /* Pods */ = {
			isa = PBXGroup;
			children = (
				18DD58CCE2DEB59EB579A402 /* Pods-SummerYelpMock.debug.xcconfig */,
				B4994F39306F32A7A070562A /* Pods-SummerYelpMock.release.xcconfig */,
			);
			name = Pods;
			sourceTree = "<group>";
		};
/* End PBXGroup section */

/* Begin PBXNativeTarget section */
		B23BCB801F521B4D00190F3C /* SummerYelpMock */ = {
			isa = PBXNativeTarget;
			buildConfigurationList = B23BCBAE1F521B4D00190F3C /* Build configuration list for PBXNativeTarget "SummerYelpMock" */;
			buildPhases = (
				9DB8BB098FD24718101A6843 /* [CP] Check Pods Manifest.lock */,
				B23BCB7D1F521B4D00190F3C /* Sources */,
				B23BCB7E1F521B4D00190F3C /* Frameworks */,
				B23BCB7F1F521B4D00190F3C /* Resources */,
				89120391E17EF168307D0FD4 /* [CP] Embed Pods Frameworks */,
				9A1DAC2E4144D16057D520C4 /* [CP] Copy Pods Resources */,
			);
			buildRules = (
			);
			dependencies = (
			);
			name = SummerYelpMock;
			productName = SummerYelpMock;
			productReference = B23BCB811F521B4D00190F3C /* SummerYelpMock.app */;
			productType = "com.apple.product-type.application";
		};
		B23BCB991F521B4D00190F3C /* SummerYelpMockTests */ = {
			isa = PBXNativeTarget;
			buildConfigurationList = B23BCBB11F521B4D00190F3C /* Build configuration list for PBXNativeTarget "SummerYelpMockTests" */;
			buildPhases = (
				B23BCB961F521B4D00190F3C /* Sources */,
				B23BCB971F521B4D00190F3C /* Frameworks */,
				B23BCB981F521B4D00190F3C /* Resources */,
			);
			buildRules = (
			);
			dependencies = (
				B23BCB9C1F521B4D00190F3C /* PBXTargetDependency */,
			);
			name = SummerYelpMockTests;
			productName = SummerYelpMockTests;
			productReference = B23BCB9A1F521B4D00190F3C /* SummerYelpMockTests.xctest */;
			productType = "com.apple.product-type.bundle.unit-test";
		};
		B23BCBA41F521B4D00190F3C /* SummerYelpMockUITests */ = {
			isa = PBXNativeTarget;
			buildConfigurationList = B23BCBB41F521B4D00190F3C /* Build configuration list for PBXNativeTarget "SummerYelpMockUITests" */;
			buildPhases = (
				B23BCBA11F521B4D00190F3C /* Sources */,
				B23BCBA21F521B4D00190F3C /* Frameworks */,
				B23BCBA31F521B4D00190F3C /* Resources */,
			);
			buildRules = (
			);
			dependencies = (
				B23BCBA71F521B4D00190F3C /* PBXTargetDependency */,
			);
			name = SummerYelpMockUITests;
			productName = SummerYelpMockUITests;
			productReference = B23BCBA51F521B4D00190F3C /* SummerYelpMockUITests.xctest */;
			productType = "com.apple.product-type.bundle.ui-testing";
		};
/* End PBXNativeTarget section */

/* Begin PBXProject section */
		B23BCB791F521B4D00190F3C /* Project object */ = {
			isa = PBXProject;
			attributes = {
				LastUpgradeCheck = 0830;
				ORGANIZATIONNAME = "Yuan Fang";
				TargetAttributes = {
					B23BCB801F521B4D00190F3C = {
						CreatedOnToolsVersion = 8.3.3;
						DevelopmentTeam = 967P6Q6VNW;
						ProvisioningStyle = Automatic;
					};
					B23BCB991F521B4D00190F3C = {
						CreatedOnToolsVersion = 8.3.3;
						DevelopmentTeam = 967P6Q6VNW;
						ProvisioningStyle = Automatic;
						TestTargetID = B23BCB801F521B4D00190F3C;
					};
					B23BCBA41F521B4D00190F3C = {
						CreatedOnToolsVersion = 8.3.3;
						DevelopmentTeam = 967P6Q6VNW;
						ProvisioningStyle = Automatic;
						TestTargetID = B23BCB801F521B4D00190F3C;
					};
				};
			};
			buildConfigurationList = B23BCB7C1F521B4D00190F3C /* Build configuration list for PBXProject "SummerYelpMock" */;
			compatibilityVersion = "Xcode 3.2";
			developmentRegion = English;
			hasScannedForEncodings = 0;
			knownRegions = (
				en,
				Base,
			);
			mainGroup = B23BCB781F521B4D00190F3C;
			productRefGroup = B23BCB821F521B4D00190F3C /* Products */;
			projectDirPath = "";
			projectRoot = "";
			targets = (
				B23BCB801F521B4D00190F3C /* SummerYelpMock */,
				B23BCB991F521B4D00190F3C /* SummerYelpMockTests */,
				B23BCBA41F521B4D00190F3C /* SummerYelpMockUITests */,
			);
		};
/* End PBXProject section */

/* Begin PBXResourcesBuildPhase section */
		B23BCB7F1F521B4D00190F3C /* Resources */ = {
			isa = PBXResourcesBuildPhase;
			buildActionMask = 2147483647;
			files = (
				B23BCB941F521B4D00190F3C /* LaunchScreen.storyboard in Resources */,
				B299848C1F5663460043B3DB /* YelpTableViewCell.xib in Resources */,
				B23BCB911F521B4D00190F3C /* Assets.xcassets in Resources */,
			);
			runOnlyForDeploymentPostprocessing = 0;
		};
		B23BCB981F521B4D00190F3C /* Resources */ = {
			isa = PBXResourcesBuildPhase;
			buildActionMask = 2147483647;
			files = (
			);
			runOnlyForDeploymentPostprocessing = 0;
		};
		B23BCBA31F521B4D00190F3C /* Resources */ = {
			isa = PBXResourcesBuildPhase;
			buildActionMask = 2147483647;
			files = (
			);
			runOnlyForDeploymentPostprocessing = 0;
		};
/* End PBXResourcesBuildPhase section */

/* Begin PBXShellScriptBuildPhase section */
		89120391E17EF168307D0FD4 /* [CP] Embed Pods Frameworks */ = {
			isa = PBXShellScriptBuildPhase;
			buildActionMask = 2147483647;
			files = (
			);
			inputPaths = (
			);
			name = "[CP] Embed Pods Frameworks";
			outputPaths = (
			);
			runOnlyForDeploymentPostprocessing = 0;
			shellPath = /bin/sh;
			shellScript = "\"${SRCROOT}/Pods/Target Support Files/Pods-SummerYelpMock/Pods-SummerYelpMock-frameworks.sh\"\n";
			showEnvVarsInLog = 0;
		};
		9A1DAC2E4144D16057D520C4 /* [CP] Copy Pods Resources */ = {
			isa = PBXShellScriptBuildPhase;
			buildActionMask = 2147483647;
			files = (
			);
			inputPaths = (
			);
			name = "[CP] Copy Pods Resources";
			outputPaths = (
			);
			runOnlyForDeploymentPostprocessing = 0;
			shellPath = /bin/sh;
			shellScript = "\"${SRCROOT}/Pods/Target Support Files/Pods-SummerYelpMock/Pods-SummerYelpMock-resources.sh\"\n";
			showEnvVarsInLog = 0;
		};
		9DB8BB098FD24718101A6843 /* [CP] Check Pods Manifest.lock */ = {
			isa = PBXShellScriptBuildPhase;
			buildActionMask = 2147483647;
			files = (
			);
			inputPaths = (
				"${PODS_PODFILE_DIR_PATH}/Podfile.lock",
				"${PODS_ROOT}/Manifest.lock",
			);
			name = "[CP] Check Pods Manifest.lock";
			outputPaths = (
				"$(DERIVED_FILE_DIR)/Pods-SummerYelpMock-checkManifestLockResult.txt",
			);
			runOnlyForDeploymentPostprocessing = 0;
			shellPath = /bin/sh;
			shellScript = "diff \"${PODS_PODFILE_DIR_PATH}/Podfile.lock\" \"${PODS_ROOT}/Manifest.lock\" > /dev/null\nif [ $? != 0 ] ; then\n    # print error to STDERR\n    echo \"error: The sandbox is not in sync with the Podfile.lock. Run 'pod install' or update your CocoaPods installation.\" >&2\n    exit 1\nfi\n# This output is used by Xcode 'outputs' to avoid re-running this script phase.\necho \"SUCCESS\" > \"${SCRIPT_OUTPUT_FILE_0}\"\n";
			showEnvVarsInLog = 0;
		};
/* End PBXShellScriptBuildPhase section */

/* Begin PBXSourcesBuildPhase section */
		B23BCB7D1F521B4D00190F3C /* Sources */ = {
			isa = PBXSourcesBuildPhase;
			buildActionMask = 2147483647;
			files = (
				B23BCB8C1F521B4D00190F3C /* YelpViewController.m in Sources */,
				B23BCBBA1F521BC400190F3C /* YelpNetworking.m in Sources */,
				B297544B1F5B57D00057B6A0 /* YelpDataStore.m in Sources */,
				B297544F1F5B5A5A0057B6A0 /* MapViewController.m in Sources */,
				B23BCB891F521B4D00190F3C /* AppDelegate.m in Sources */,
				B299848B1F5663460043B3DB /* YelpTableViewCell.m in Sources */,
				B23BCBBE1F522FE200190F3C /* YelpDataModel.m in Sources */,
				B29754521F5B5F8D0057B6A0 /* YelpAnnotation.m in Sources */,
				B23BCB861F521B4D00190F3C /* main.m in Sources */,
			);
			runOnlyForDeploymentPostprocessing = 0;
		};
		B23BCB961F521B4D00190F3C /* Sources */ = {
			isa = PBXSourcesBuildPhase;
			buildActionMask = 2147483647;
			files = (
				B23BCB9F1F521B4D00190F3C /* SummerYelpMockTests.m in Sources */,
			);
			runOnlyForDeploymentPostprocessing = 0;
		};
		B23BCBA11F521B4D00190F3C /* Sources */ = {
			isa = PBXSourcesBuildPhase;
			buildActionMask = 2147483647;
			files = (
				B23BCBAA1F521B4D00190F3C /* SummerYelpMockUITests.m in Sources */,
			);
			runOnlyForDeploymentPostprocessing = 0;
		};
/* End PBXSourcesBuildPhase section */

/* Begin PBXTargetDependency section */
		B23BCB9C1F521B4D00190F3C /* PBXTargetDependency */ = {
			isa = PBXTargetDependency;
			target = B23BCB801F521B4D00190F3C /* SummerYelpMock */;
			targetProxy = B23BCB9B1F521B4D00190F3C /* PBXContainerItemProxy */;
		};
		B23BCBA71F521B4D00190F3C /* PBXTargetDependency */ = {
			isa = PBXTargetDependency;
			target = B23BCB801F521B4D00190F3C /* SummerYelpMock */;
			targetProxy = B23BCBA61F521B4D00190F3C /* PBXContainerItemProxy */;
		};
/* End PBXTargetDependency section */

/* Begin PBXVariantGroup section */
		B23BCB921F521B4D00190F3C /* LaunchScreen.storyboard */ = {
			isa = PBXVariantGroup;
			children = (
				B23BCB931F521B4D00190F3C /* Base */,
			);
			name = LaunchScreen.storyboard;
			sourceTree = "<group>";
		};
/* End PBXVariantGroup section */

/* Begin XCBuildConfiguration section */
		B23BCBAC1F521B4D00190F3C /* Debug */ = {
			isa = XCBuildConfiguration;
			buildSettings = {
				ALWAYS_SEARCH_USER_PATHS = NO;
				CLANG_ANALYZER_NONNULL = YES;
				CLANG_ANALYZER_NUMBER_OBJECT_CONVERSION = YES_AGGRESSIVE;
				CLANG_CXX_LANGUAGE_STANDARD = "gnu++0x";
				CLANG_CXX_LIBRARY = "libc++";
				CLANG_ENABLE_MODULES = YES;
				CLANG_ENABLE_OBJC_ARC = YES;
				CLANG_WARN_BOOL_CONVERSION = YES;
				CLANG_WARN_CONSTANT_CONVERSION = YES;
				CLANG_WARN_DIRECT_OBJC_ISA_USAGE = YES_ERROR;
				CLANG_WARN_DOCUMENTATION_COMMENTS = YES;
				CLANG_WARN_EMPTY_BODY = YES;
				CLANG_WARN_ENUM_CONVERSION = YES;
				CLANG_WARN_INFINITE_RECURSION = YES;
				CLANG_WARN_INT_CONVERSION = YES;
				CLANG_WARN_OBJC_ROOT_CLASS = YES_ERROR;
				CLANG_WARN_SUSPICIOUS_MOVE = YES;
				CLANG_WARN_UNREACHABLE_CODE = YES;
				CLANG_WARN__DUPLICATE_METHOD_MATCH = YES;
				"CODE_SIGN_IDENTITY[sdk=iphoneos*]" = "iPhone Developer";
				COPY_PHASE_STRIP = NO;
				DEBUG_INFORMATION_FORMAT = dwarf;
				ENABLE_STRICT_OBJC_MSGSEND = YES;
				ENABLE_TESTABILITY = YES;
				GCC_C_LANGUAGE_STANDARD = gnu99;
				GCC_DYNAMIC_NO_PIC = NO;
				GCC_NO_COMMON_BLOCKS = YES;
				GCC_OPTIMIZATION_LEVEL = 0;
				GCC_PREPROCESSOR_DEFINITIONS = (
					"DEBUG=1",
					"$(inherited)",
				);
				GCC_WARN_64_TO_32_BIT_CONVERSION = YES;
				GCC_WARN_ABOUT_RETURN_TYPE = YES_ERROR;
				GCC_WARN_UNDECLARED_SELECTOR = YES;
				GCC_WARN_UNINITIALIZED_AUTOS = YES_AGGRESSIVE;
				GCC_WARN_UNUSED_FUNCTION = YES;
				GCC_WARN_UNUSED_VARIABLE = YES;
				IPHONEOS_DEPLOYMENT_TARGET = 10.3;
				MTL_ENABLE_DEBUG_INFO = YES;
				ONLY_ACTIVE_ARCH = YES;
				SDKROOT = iphoneos;
				TARGETED_DEVICE_FAMILY = "1,2";
			};
			name = Debug;
		};
		B23BCBAD1F521B4D00190F3C /* Release */ = {
			isa = XCBuildConfiguration;
			buildSettings = {
				ALWAYS_SEARCH_USER_PATHS = NO;
				CLANG_ANALYZER_NONNULL = YES;
				CLANG_ANALYZER_NUMBER_OBJECT_CONVERSION = YES_AGGRESSIVE;
				CLANG_CXX_LANGUAGE_STANDARD = "gnu++0x";
				CLANG_CXX_LIBRARY = "libc++";
				CLANG_ENABLE_MODULES = YES;
				CLANG_ENABLE_OBJC_ARC = YES;
				CLANG_WARN_BOOL_CONVERSION = YES;
				CLANG_WARN_CONSTANT_CONVERSION = YES;
				CLANG_WARN_DIRECT_OBJC_ISA_USAGE = YES_ERROR;
				CLANG_WARN_DOCUMENTATION_COMMENTS = YES;
				CLANG_WARN_EMPTY_BODY = YES;
				CLANG_WARN_ENUM_CONVERSION = YES;
				CLANG_WARN_INFINITE_RECURSION = YES;
				CLANG_WARN_INT_CONVERSION = YES;
				CLANG_WARN_OBJC_ROOT_CLASS = YES_ERROR;
				CLANG_WARN_SUSPICIOUS_MOVE = YES;
				CLANG_WARN_UNREACHABLE_CODE = YES;
				CLANG_WARN__DUPLICATE_METHOD_MATCH = YES;
				"CODE_SIGN_IDENTITY[sdk=iphoneos*]" = "iPhone Developer";
				COPY_PHASE_STRIP = NO;
				DEBUG_INFORMATION_FORMAT = "dwarf-with-dsym";
				ENABLE_NS_ASSERTIONS = NO;
				ENABLE_STRICT_OBJC_MSGSEND = YES;
				GCC_C_LANGUAGE_STANDARD = gnu99;
				GCC_NO_COMMON_BLOCKS = YES;
				GCC_WARN_64_TO_32_BIT_CONVERSION = YES;
				GCC_WARN_ABOUT_RETURN_TYPE = YES_ERROR;
				GCC_WARN_UNDECLARED_SELECTOR = YES;
				GCC_WARN_UNINITIALIZED_AUTOS = YES_AGGRESSIVE;
				GCC_WARN_UNUSED_FUNCTION = YES;
				GCC_WARN_UNUSED_VARIABLE = YES;
				IPHONEOS_DEPLOYMENT_TARGET = 10.3;
				MTL_ENABLE_DEBUG_INFO = NO;
				SDKROOT = iphoneos;
				TARGETED_DEVICE_FAMILY = "1,2";
				VALIDATE_PRODUCT = YES;
			};
			name = Release;
		};
		B23BCBAF1F521B4D00190F3C /* Debug */ = {
			isa = XCBuildConfiguration;
			baseConfigurationReference = 18DD58CCE2DEB59EB579A402 /* Pods-SummerYelpMock.debug.xcconfig */;
			buildSettings = {
				ASSETCATALOG_COMPILER_APPICON_NAME = AppIcon;
				DEVELOPMENT_TEAM = 967P6Q6VNW;
				INFOPLIST_FILE = SummerYelpMock/Info.plist;
				LD_RUNPATH_SEARCH_PATHS = "$(inherited) @executable_path/Frameworks";
				PRODUCT_BUNDLE_IDENTIFIER = Alison.SummerYelpMock;
				PRODUCT_NAME = "$(TARGET_NAME)";
			};
			name = Debug;
		};
		B23BCBB01F521B4D00190F3C /* Release */ = {
			isa = XCBuildConfiguration;
			baseConfigurationReference = B4994F39306F32A7A070562A /* Pods-SummerYelpMock.release.xcconfig */;
			buildSettings = {
				ASSETCATALOG_COMPILER_APPICON_NAME = AppIcon;
				DEVELOPMENT_TEAM = 967P6Q6VNW;
				INFOPLIST_FILE = SummerYelpMock/Info.plist;
				LD_RUNPATH_SEARCH_PATHS = "$(inherited) @executable_path/Frameworks";
				PRODUCT_BUNDLE_IDENTIFIER = Alison.SummerYelpMock;
				PRODUCT_NAME = "$(TARGET_NAME)";
			};
			name = Release;
		};
		B23BCBB21F521B4D00190F3C /* Debug */ = {
			isa = XCBuildConfiguration;
			buildSettings = {
				BUNDLE_LOADER = "$(TEST_HOST)";
				DEVELOPMENT_TEAM = 967P6Q6VNW;
				INFOPLIST_FILE = SummerYelpMockTests/Info.plist;
				LD_RUNPATH_SEARCH_PATHS = "$(inherited) @executable_path/Frameworks @loader_path/Frameworks";
				PRODUCT_BUNDLE_IDENTIFIER = Alison.SummerYelpMockTests;
				PRODUCT_NAME = "$(TARGET_NAME)";
				TEST_HOST = "$(BUILT_PRODUCTS_DIR)/SummerYelpMock.app/SummerYelpMock";
			};
			name = Debug;
		};
		B23BCBB31F521B4D00190F3C /* Release */ = {
			isa = XCBuildConfiguration;
			buildSettings = {
				BUNDLE_LOADER = "$(TEST_HOST)";
				DEVELOPMENT_TEAM = 967P6Q6VNW;
				INFOPLIST_FILE = SummerYelpMockTests/Info.plist;
				LD_RUNPATH_SEARCH_PATHS = "$(inherited) @executable_path/Frameworks @loader_path/Frameworks";
				PRODUCT_BUNDLE_IDENTIFIER = Alison.SummerYelpMockTests;
				PRODUCT_NAME = "$(TARGET_NAME)";
				TEST_HOST = "$(BUILT_PRODUCTS_DIR)/SummerYelpMock.app/SummerYelpMock";
			};
			name = Release;
		};
		B23BCBB51F521B4D00190F3C /* Debug */ = {
			isa = XCBuildConfiguration;
			buildSettings = {
				DEVELOPMENT_TEAM = 967P6Q6VNW;
				INFOPLIST_FILE = SummerYelpMockUITests/Info.plist;
				LD_RUNPATH_SEARCH_PATHS = "$(inherited) @executable_path/Frameworks @loader_path/Frameworks";
				PRODUCT_BUNDLE_IDENTIFIER = Alison.SummerYelpMockUITests;
				PRODUCT_NAME = "$(TARGET_NAME)";
				TEST_TARGET_NAME = SummerYelpMock;
			};
			name = Debug;
		};
		B23BCBB61F521B4D00190F3C /* Release */ = {
			isa = XCBuildConfiguration;
			buildSettings = {
				DEVELOPMENT_TEAM = 967P6Q6VNW;
				INFOPLIST_FILE = SummerYelpMockUITests/Info.plist;
				LD_RUNPATH_SEARCH_PATHS = "$(inherited) @executable_path/Frameworks @loader_path/Frameworks";
				PRODUCT_BUNDLE_IDENTIFIER = Alison.SummerYelpMockUITests;
				PRODUCT_NAME = "$(TARGET_NAME)";
				TEST_TARGET_NAME = SummerYelpMock;
			};
			name = Release;
		};
/* End XCBuildConfiguration section */

/* Begin XCConfigurationList section */
		B23BCB7C1F521B4D00190F3C /* Build configuration list for PBXProject "SummerYelpMock" */ = {
			isa = XCConfigurationList;
			buildConfigurations = (
				B23BCBAC1F521B4D00190F3C /* Debug */,
				B23BCBAD1F521B4D00190F3C /* Release */,
			);
			defaultConfigurationIsVisible = 0;
			defaultConfigurationName = Release;
		};
		B23BCBAE1F521B4D00190F3C /* Build configuration list for PBXNativeTarget "SummerYelpMock" */ = {
			isa = XCConfigurationList;
			buildConfigurations = (
				B23BCBAF1F521B4D00190F3C /* Debug */,
				B23BCBB01F521B4D00190F3C /* Release */,
			);
			defaultConfigurationIsVisible = 0;
			defaultConfigurationName = Release;
		};
		B23BCBB11F521B4D00190F3C /* Build configuration list for PBXNativeTarget "SummerYelpMockTests" */ = {
			isa = XCConfigurationList;
			buildConfigurations = (
				B23BCBB21F521B4D00190F3C /* Debug */,
				B23BCBB31F521B4D00190F3C /* Release */,
			);
			defaultConfigurationIsVisible = 0;
			defaultConfigurationName = Release;
		};
		B23BCBB41F521B4D00190F3C /* Build configuration list for PBXNativeTarget "SummerYelpMockUITests" */ = {
			isa = XCConfigurationList;
			buildConfigurations = (
				B23BCBB51F521B4D00190F3C /* Debug */,
				B23BCBB61F521B4D00190F3C /* Release */,
			);
			defaultConfigurationIsVisible = 0;
			defaultConfigurationName = Release;
		};
/* End XCConfigurationList section */
	};
	rootObject = B23BCB791F521B4D00190F3C /* Project object */;
}
